{
  "name": "claude-remote-project-launcher",
  "version": "1.0.0",
  "lockfileVersion": 3,
  "requires": true,
  "packages": {
    "": {
      "name": "claude-remote-project-launcher",
      "version": "1.0.0",
      "license": "MIT",
      "bin": {
        "claude-remote-launcher": "bin/claude-remote-launcher.js"
      }
    }
  }
}
